PODS:
  - CocoaAsyncSocket (7.6.5)
  - MobileVLCKit (3.1.2)

DEPENDENCIES:
  - CocoaAsyncSocket
  - MobileVLCKit (= 3.1.2)

SPEC REPOS:
  trunk:
    - CocoaAsyncSocket
    - MobileVLCKit

SPEC CHECKSUMS:
  CocoaAsyncSocket: 065fd1e645c7abab64f7a6a2007a48038fdc6a99
  MobileVLCKit: d40c0347b7e3fe901c8ad3811437668b7d042af9

PODFILE CHECKSUM: 46f5f3a00b827e82354c74fd067f5a590bb71731

COCOAPODS: 1.11.3
